
Microsoft Visual Studio Solution File, Format Version 12.00
# Visual Studio Version 17
VisualStudioVersion = 17.5.33530.505
MinimumVisualStudioVersion = 10.0.40219.1
Project("{FAE04EC0-301F-11D3-BF4B-00C04F79EFBC}") = "SQL Application", "SQL Application.csproj", "{AC22577F-5FF9-4A9D-BD3B-7E585B85914C}"
EndProject
Global
	GlobalSection(SolutionConfigurationPlatforms) = preSolution
		Debug|Any CPU = Debug|Any CPU
		Release|Any CPU = Release|Any CPU
	EndGlobalSection
	GlobalSection(ProjectConfigurationPlatforms) = postSolution
		{AC22577F-5FF9-4A9D-BD3B-7E585B85914C}.Debug|Any CPU.ActiveCfg = Debug|Any CPU
		{AC22577F-5FF9-4A9D-BD3B-7E585B85914C}.Debug|Any CPU.Build.0 = Debug|Any CPU
		{AC22577F-5FF9-4A9D-BD3B-7E585B85914C}.Release|Any CPU.ActiveCfg = Release|Any CPU
		{AC22577F-5FF9-4A9D-BD3B-7E585B85914C}.Release|Any CPU.Build.0 = Release|Any CPU
	EndGlobalSection
	GlobalSection(SolutionProperties) = preSolution
		HideSolutionNode = FALSE
	EndGlobalSection
	GlobalSection(ExtensibilityGlobals) = postSolution
		SolutionGuid = {97B3F518-E362-4FB8-B13B-14797B276AF2}
	EndGlobalSection
EndGlobal
